// !$*UTF8*$!
{
	archiveVersion = 1;
	classes = {
	};
	objectVersion = 56;
	objects = {

/* Begin PBXBuildFile section */
		C05AF1C129E80F0500CD5A6A /* SwiftConcurrencyBootcampApp.swift in Sources */ = {isa = PBXBuildFile; fileRef = C05AF1C029E80F0500CD5A6A /* SwiftConcurrencyBootcampApp.swift */; };
		C05AF1C329E80F0500CD5A6A /* ContentView.swift in Sources */ = {isa = PBXBuildFile; fileRef = C05AF1C229E80F0500CD5A6A /* ContentView.swift */; };
		C05AF1C529E80F0600CD5A6A /* Assets.xcassets in Resources */ = {isa = PBXBuildFile; fileRef = C05AF1C429E80F0600CD5A6A /* Assets.xcassets */; };
		C05AF1C829E80F0600CD5A6A /* Preview Assets.xcassets in Resources */ = {isa = PBXBuildFile; fileRef = C05AF1C729E80F0600CD5A6A /* Preview Assets.xcassets */; };
		C05AF1D229E80F0600CD5A6A /* SwiftConcurrencyBootcampTests.swift in Sources */ = {isa = PBXBuildFile; fileRef = C05AF1D129E80F0600CD5A6A /* SwiftConcurrencyBootcampTests.swift */; };
		C05AF1DC29E80F0600CD5A6A /* SwiftConcurrencyBootcampUITests.swift in Sources */ = {isa = PBXBuildFile; fileRef = C05AF1DB29E80F0600CD5A6A /* SwiftConcurrencyBootcampUITests.swift */; };
		C05AF1DE29E80F0600CD5A6A /* SwiftConcurrencyBootcampUITestsLaunchTests.swift in Sources */ = {isa = PBXBuildFile; fileRef = C05AF1DD29E80F0600CD5A6A /* SwiftConcurrencyBootcampUITestsLaunchTests.swift */; };
		C05AF1EB29E80F7D00CD5A6A /* DoCatchTryThrowsBootcamp.swift in Sources */ = {isa = PBXBuildFile; fileRef = C05AF1EA29E80F7D00CD5A6A /* DoCatchTryThrowsBootcamp.swift */; };
		C05AF1ED29E8180500CD5A6A /* DownloadImageAsync.swift in Sources */ = {isa = PBXBuildFile; fileRef = C05AF1EC29E8180500CD5A6A /* DownloadImageAsync.swift */; };
		C05AF1EF29E8239000CD5A6A /* AsyncAwaitBootcamp.swift in Sources */ = {isa = PBXBuildFile; fileRef = C05AF1EE29E8239000CD5A6A /* AsyncAwaitBootcamp.swift */; };
		C0E9CCCC29F419030023E5A1 /* TaskBootcamp.swift in Sources */ = {isa = PBXBuildFile; fileRef = C0E9CCCB29F419030023E5A1 /* TaskBootcamp.swift */; };
		C0E9CCCE29F7E8BB0023E5A1 /* AsyncLetBootcamp.swift in Sources */ = {isa = PBXBuildFile; fileRef = C0E9CCCD29F7E8BB0023E5A1 /* AsyncLetBootcamp.swift */; };
		C0E9CCD029F801510023E5A1 /* TaskGroupBootcamp.swift in Sources */ = {isa = PBXBuildFile; fileRef = C0E9CCCF29F801510023E5A1 /* TaskGroupBootcamp.swift */; };
		C0E9CCD229FC38530023E5A1 /* CheckContinuationBootcamp.swift in Sources */ = {isa = PBXBuildFile; fileRef = C0E9CCD129FC38530023E5A1 /* CheckContinuationBootcamp.swift */; };
		C0E9CCD429FC433F0023E5A1 /* StructClassActorBootcamp.swift in Sources */ = {isa = PBXBuildFile; fileRef = C0E9CCD329FC433F0023E5A1 /* StructClassActorBootcamp.swift */; };
		C0E9CCD629FD84190023E5A1 /* ActorsBootcamp.swift in Sources */ = {isa = PBXBuildFile; fileRef = C0E9CCD529FD84190023E5A1 /* ActorsBootcamp.swift */; };
		C0E9CCD829FD8DFC0023E5A1 /* GlobalActorBootcamp.swift in Sources */ = {isa = PBXBuildFile; fileRef = C0E9CCD729FD8DFC0023E5A1 /* GlobalActorBootcamp.swift */; };
		C0E9CCDA29FEAAEB0023E5A1 /* SendableBootcamp.swift in Sources */ = {isa = PBXBuildFile; fileRef = C0E9CCD929FEAAEB0023E5A1 /* SendableBootcamp.swift */; };
		C0E9CCDC29FEAFE30023E5A1 /* AsyncPublisherBootcamp.swift in Sources */ = {isa = PBXBuildFile; fileRef = C0E9CCDB29FEAFE30023E5A1 /* AsyncPublisherBootcamp.swift */; };
/* End PBXBuildFile section */

/* Begin PBXContainerItemProxy section */
		C05AF1CE29E80F0600CD5A6A /* PBXContainerItemProxy */ = {
			isa = PBXContainerItemProxy;
			containerPortal = C05AF1B529E80F0500CD5A6A /* Project object */;
			proxyType = 1;
			remoteGlobalIDString = C05AF1BC29E80F0500CD5A6A;
			remoteInfo = SwiftConcurrencyBootcamp;
		};
		C05AF1D829E80F0600CD5A6A /* PBXContainerItemProxy */ = {
			isa = PBXContainerItemProxy;
			containerPortal = C05AF1B529E80F0500CD5A6A /* Project object */;
			proxyType = 1;
			remoteGlobalIDString = C05AF1BC29E80F0500CD5A6A;
			remoteInfo = SwiftConcurrencyBootcamp;
		};
/* End PBXContainerItemProxy section */

/* Begin PBXFileReference section */
		C05AF1BD29E80F0500CD5A6A /* SwiftConcurrencyBootcamp.app */ = {isa = PBXFileReference; explicitFileType = wrapper.application; includeInIndex = 0; path = SwiftConcurrencyBootcamp.app; sourceTree = BUILT_PRODUCTS_DIR; };
		C05AF1C029E80F0500CD5A6A /* SwiftConcurrencyBootcampApp.swift */ = {isa = PBXFileReference; lastKnownFileType = sourcecode.swift; path = SwiftConcurrencyBootcampApp.swift; sourceTree = "<group>"; };
		C05AF1C229E80F0500CD5A6A /* ContentView.swift */ = {isa = PBXFileReference; lastKnownFileType = sourcecode.swift; path = ContentView.swift; sourceTree = "<group>"; };
		C05AF1C429E80F0600CD5A6A /* Assets.xcassets */ = {isa = PBXFileReference; lastKnownFileType = folder.assetcatalog; path = Assets.xcassets; sourceTree = "<group>"; };
		C05AF1C729E80F0600CD5A6A /* Preview Assets.xcassets */ = {isa = PBXFileReference; lastKnownFileType = folder.assetcatalog; path = "Preview Assets.xcassets"; sourceTree = "<group>"; };
		C05AF1CD29E80F0600CD5A6A /* SwiftConcurrencyBootcampTests.xctest */ = {isa = PBXFileReference; explicitFileType = wrapper.cfbundle; includeInIndex = 0; path = SwiftConcurrencyBootcampTests.xctest; sourceTree = BUILT_PRODUCTS_DIR; };
		C05AF1D129E80F0600CD5A6A /* SwiftConcurrencyBootcampTests.swift */ = {isa = PBXFileReference; lastKnownFileType = sourcecode.swift; path = SwiftConcurrencyBootcampTests.swift; sourceTree = "<group>"; };
		C05AF1D729E80F0600CD5A6A /* SwiftConcurrencyBootcampUITests.xctest */ = {isa = PBXFileReference; explicitFileType = wrapper.cfbundle; includeInIndex = 0; path = SwiftConcurrencyBootcampUITests.xctest; sourceTree = BUILT_PRODUCTS_DIR; };
		C05AF1DB29E80F0600CD5A6A /* SwiftConcurrencyBootcampUITests.swift */ = {isa = PBXFileReference; lastKnownFileType = sourcecode.swift; path = SwiftConcurrencyBootcampUITests.swift; sourceTree = "<group>"; };
		C05AF1DD29E80F0600CD5A6A /* SwiftConcurrencyBootcampUITestsLaunchTests.swift */ = {isa = PBXFileReference; lastKnownFileType = sourcecode.swift; path = SwiftConcurrencyBootcampUITestsLaunchTests.swift; sourceTree = "<group>"; };
		C05AF1EA29E80F7D00CD5A6A /* DoCatchTryThrowsBootcamp.swift */ = {isa = PBXFileReference; lastKnownFileType = sourcecode.swift; path = DoCatchTryThrowsBootcamp.swift; sourceTree = "<group>"; };
		C05AF1EC29E8180500CD5A6A /* DownloadImageAsync.swift */ = {isa = PBXFileReference; lastKnownFileType = sourcecode.swift; path = DownloadImageAsync.swift; sourceTree = "<group>"; };
		C05AF1EE29E8239000CD5A6A /* AsyncAwaitBootcamp.swift */ = {isa = PBXFileReference; lastKnownFileType = sourcecode.swift; path = AsyncAwaitBootcamp.swift; sourceTree = "<group>"; };
		C0E9CCCB29F419030023E5A1 /* TaskBootcamp.swift */ = {isa = PBXFileReference; lastKnownFileType = sourcecode.swift; path = TaskBootcamp.swift; sourceTree = "<group>"; };
		C0E9CCCD29F7E8BB0023E5A1 /* AsyncLetBootcamp.swift */ = {isa = PBXFileReference; lastKnownFileType = sourcecode.swift; path = AsyncLetBootcamp.swift; sourceTree = "<group>"; };
		C0E9CCCF29F801510023E5A1 /* TaskGroupBootcamp.swift */ = {isa = PBXFileReference; lastKnownFileType = sourcecode.swift; path = TaskGroupBootcamp.swift; sourceTree = "<group>"; };
		C0E9CCD129FC38530023E5A1 /* CheckContinuationBootcamp.swift */ = {isa = PBXFileReference; lastKnownFileType = sourcecode.swift; path = CheckContinuationBootcamp.swift; sourceTree = "<group>"; };
		C0E9CCD329FC433F0023E5A1 /* StructClassActorBootcamp.swift */ = {isa = PBXFileReference; lastKnownFileType = sourcecode.swift; path = StructClassActorBootcamp.swift; sourceTree = "<group>"; };
		C0E9CCD529FD84190023E5A1 /* ActorsBootcamp.swift */ = {isa = PBXFileReference; lastKnownFileType = sourcecode.swift; path = ActorsBootcamp.swift; sourceTree = "<group>"; };
		C0E9CCD729FD8DFC0023E5A1 /* GlobalActorBootcamp.swift */ = {isa = PBXFileReference; lastKnownFileType = sourcecode.swift; path = GlobalActorBootcamp.swift; sourceTree = "<group>"; };
		C0E9CCD929FEAAEB0023E5A1 /* SendableBootcamp.swift */ = {isa = PBXFileReference; lastKnownFileType = sourcecode.swift; path = SendableBootcamp.swift; sourceTree = "<group>"; };
		C0E9CCDB29FEAFE30023E5A1 /* AsyncPublisherBootcamp.swift */ = {isa = PBXFileReference; lastKnownFileType = sourcecode.swift; path = AsyncPublisherBootcamp.swift; sourceTree = "<group>"; };
/* End PBXFileReference section */

/* Begin PBXFrameworksBuildPhase section */
		C05AF1BA29E80F0500CD5A6A /* Frameworks */ = {
			isa = PBXFrameworksBuildPhase;
			buildActionMask = 2147483647;
			files = (
			);
			runOnlyForDeploymentPostprocessing = 0;
		};
		C05AF1CA29E80F0600CD5A6A /* Frameworks */ = {
			isa = PBXFrameworksBuildPhase;
			buildActionMask = 2147483647;
			files = (
			);
			runOnlyForDeploymentPostprocessing = 0;
		};
		C05AF1D429E80F0600CD5A6A /* Frameworks */ = {
			isa = PBXFrameworksBuildPhase;
			buildActionMask = 2147483647;
			files = (
			);
			runOnlyForDeploymentPostprocessing = 0;
		};
/* End PBXFrameworksBuildPhase section */

/* Begin PBXGroup section */
		C05AF1B429E80F0500CD5A6A = {
			isa = PBXGroup;
			children = (
				C05AF1BF29E80F0500CD5A6A /* SwiftConcurrencyBootcamp */,
				C05AF1D029E80F0600CD5A6A /* SwiftConcurrencyBootcampTests */,
				C05AF1DA29E80F0600CD5A6A /* SwiftConcurrencyBootcampUITests */,
				C05AF1BE29E80F0500CD5A6A /* Products */,
			);
			sourceTree = "<group>";
		};
		C05AF1BE29E80F0500CD5A6A /* Products */ = {
			isa = PBXGroup;
			children = (
				C05AF1BD29E80F0500CD5A6A /* SwiftConcurrencyBootcamp.app */,
				C05AF1CD29E80F0600CD5A6A /* SwiftConcurrencyBootcampTests.xctest */,
				C05AF1D729E80F0600CD5A6A /* SwiftConcurrencyBootcampUITests.xctest */,
			);
			name = Products;
			sourceTree = "<group>";
		};
		C05AF1BF29E80F0500CD5A6A /* SwiftConcurrencyBootcamp */ = {
			isa = PBXGroup;
			children = (
				C05AF1C229E80F0500CD5A6A /* ContentView.swift */,
				C05AF1C029E80F0500CD5A6A /* SwiftConcurrencyBootcampApp.swift */,
				C05AF1EA29E80F7D00CD5A6A /* DoCatchTryThrowsBootcamp.swift */,
				C05AF1EC29E8180500CD5A6A /* DownloadImageAsync.swift */,
				C05AF1EE29E8239000CD5A6A /* AsyncAwaitBootcamp.swift */,
				C0E9CCCB29F419030023E5A1 /* TaskBootcamp.swift */,
				C0E9CCCD29F7E8BB0023E5A1 /* AsyncLetBootcamp.swift */,
				C0E9CCCF29F801510023E5A1 /* TaskGroupBootcamp.swift */,
				C0E9CCD129FC38530023E5A1 /* CheckContinuationBootcamp.swift */,
				C0E9CCD329FC433F0023E5A1 /* StructClassActorBootcamp.swift */,
				C0E9CCD529FD84190023E5A1 /* ActorsBootcamp.swift */,
				C0E9CCD729FD8DFC0023E5A1 /* GlobalActorBootcamp.swift */,
				C0E9CCD929FEAAEB0023E5A1 /* SendableBootcamp.swift */,
				C0E9CCDB29FEAFE30023E5A1 /* AsyncPublisherBootcamp.swift */,
				C05AF1C429E80F0600CD5A6A /* Assets.xcassets */,
				C05AF1C629E80F0600CD5A6A /* Preview Content */,
			);
			path = SwiftConcurrencyBootcamp;
			sourceTree = "<group>";
		};
		C05AF1C629E80F0600CD5A6A /* Preview Content */ = {
			isa = PBXGroup;
			children = (
				C05AF1C729E80F0600CD5A6A /* Preview Assets.xcassets */,
			);
			path = "Preview Content";
			sourceTree = "<group>";
		};
		C05AF1D029E80F0600CD5A6A /* SwiftConcurrencyBootcampTests */ = {
			isa = PBXGroup;
			children = (
				C05AF1D129E80F0600CD5A6A /* SwiftConcurrencyBootcampTests.swift */,
			);
			path = SwiftConcurrencyBootcampTests;
			sourceTree = "<group>";
		};
		C05AF1DA29E80F0600CD5A6A /* SwiftConcurrencyBootcampUITests */ = {
			isa = PBXGroup;
			children = (
				C05AF1DB29E80F0600CD5A6A /* SwiftConcurrencyBootcampUITests.swift */,
				C05AF1DD29E80F0600CD5A6A /* SwiftConcurrencyBootcampUITestsLaunchTests.swift */,
			);
			path = SwiftConcurrencyBootcampUITests;
			sourceTree = "<group>";
		};
/* End PBXGroup section */

/* Begin PBXNativeTarget section */
		C05AF1BC29E80F0500CD5A6A /* SwiftConcurrencyBootcamp */ = {
			isa = PBXNativeTarget;
			buildConfigurationList = C05AF1E129E80F0600CD5A6A /* Build configuration list for PBXNativeTarget "SwiftConcurrencyBootcamp" */;
			buildPhases = (
				C05AF1B929E80F0500CD5A6A /* Sources */,
				C05AF1BA29E80F0500CD5A6A /* Frameworks */,
				C05AF1BB29E80F0500CD5A6A /* Resources */,
			);
			buildRules = (
			);
			dependencies = (
			);
			name = SwiftConcurrencyBootcamp;
			productName = SwiftConcurrencyBootcamp;
			productReference = C05AF1BD29E80F0500CD5A6A /* SwiftConcurrencyBootcamp.app */;
			productType = "com.apple.product-type.application";
		};
		C05AF1CC29E80F0600CD5A6A /* SwiftConcurrencyBootcampTests */ = {
			isa = PBXNativeTarget;
			buildConfigurationList = C05AF1E429E80F0600CD5A6A /* Build configuration list for PBXNativeTarget "SwiftConcurrencyBootcampTests" */;
			buildPhases = (
				C05AF1C929E80F0600CD5A6A /* Sources */,
				C05AF1CA29E80F0600CD5A6A /* Frameworks */,
				C05AF1CB29E80F0600CD5A6A /* Resources */,
			);
			buildRules = (
			);
			dependencies = (
				C05AF1CF29E80F0600CD5A6A /* PBXTargetDependency */,
			);
			name = SwiftConcurrencyBootcampTests;
			productName = SwiftConcurrencyBootcampTests;
			productReference = C05AF1CD29E80F0600CD5A6A /* SwiftConcurrencyBootcampTests.xctest */;
			productType = "com.apple.product-type.bundle.unit-test";
		};
		C05AF1D629E80F0600CD5A6A /* SwiftConcurrencyBootcampUITests */ = {
			isa = PBXNativeTarget;
			buildConfigurationList = C05AF1E729E80F0600CD5A6A /* Build configuration list for PBXNativeTarget "SwiftConcurrencyBootcampUITests" */;
			buildPhases = (
				C05AF1D329E80F0600CD5A6A /* Sources */,
				C05AF1D429E80F0600CD5A6A /* Frameworks */,
				C05AF1D529E80F0600CD5A6A /* Resources */,
			);
			buildRules = (
			);
			dependencies = (
				C05AF1D929E80F0600CD5A6A /* PBXTargetDependency */,
			);
			name = SwiftConcurrencyBootcampUITests;
			productName = SwiftConcurrencyBootcampUITests;
			productReference = C05AF1D729E80F0600CD5A6A /* SwiftConcurrencyBootcampUITests.xctest */;
			productType = "com.apple.product-type.bundle.ui-testing";
		};
/* End PBXNativeTarget section */

/* Begin PBXProject section */
		C05AF1B529E80F0500CD5A6A /* Project object */ = {
			isa = PBXProject;
			attributes = {
				BuildIndependentTargetsInParallel = 1;
				LastSwiftUpdateCheck = 1410;
				LastUpgradeCheck = 1410;
				TargetAttributes = {
					C05AF1BC29E80F0500CD5A6A = {
						CreatedOnToolsVersion = 14.1;
					};
					C05AF1CC29E80F0600CD5A6A = {
						CreatedOnToolsVersion = 14.1;
						TestTargetID = C05AF1BC29E80F0500CD5A6A;
					};
					C05AF1D629E80F0600CD5A6A = {
						CreatedOnToolsVersion = 14.1;
						TestTargetID = C05AF1BC29E80F0500CD5A6A;
					};
				};
			};
			buildConfigurationList = C05AF1B829E80F0500CD5A6A /* Build configuration list for PBXProject "SwiftConcurrencyBootcamp" */;
			compatibilityVersion = "Xcode 14.0";
			developmentRegion = en;
			hasScannedForEncodings = 0;
			knownRegions = (
				en,
				Base,
			);
			mainGroup = C05AF1B429E80F0500CD5A6A;
			productRefGroup = C05AF1BE29E80F0500CD5A6A /* Products */;
			projectDirPath = "";
			projectRoot = "";
			targets = (
				C05AF1BC29E80F0500CD5A6A /* SwiftConcurrencyBootcamp */,
				C05AF1CC29E80F0600CD5A6A /* SwiftConcurrencyBootcampTests */,
				C05AF1D629E80F0600CD5A6A /* SwiftConcurrencyBootcampUITests */,
			);
		};
/* End PBXProject section */

/* Begin PBXResourcesBuildPhase section */
		C05AF1BB29E80F0500CD5A6A /* Resources */ = {
			isa = PBXResourcesBuildPhase;
			buildActionMask = 2147483647;
			files = (
				C05AF1C829E80F0600CD5A6A /* Preview Assets.xcassets in Resources */,
				C05AF1C529E80F0600CD5A6A /* Assets.xcassets in Resources */,
			);
			runOnlyForDeploymentPostprocessing = 0;
		};
		C05AF1CB29E80F0600CD5A6A /* Resources */ = {
			isa = PBXResourcesBuildPhase;
			buildActionMask = 2147483647;
			files = (
			);
			runOnlyForDeploymentPostprocessing = 0;
		};
		C05AF1D529E80F0600CD5A6A /* Resources */ = {
			isa = PBXResourcesBuildPhase;
			buildActionMask = 2147483647;
			files = (
			);
			runOnlyForDeploymentPostprocessing = 0;
		};
/* End PBXResourcesBuildPhase section */

/* Begin PBXSourcesBuildPhase section */
		C05AF1B929E80F0500CD5A6A /* Sources */ = {
			isa = PBXSourcesBuildPhase;
			buildActionMask = 2147483647;
			files = (
				C05AF1ED29E8180500CD5A6A /* DownloadImageAsync.swift in Sources */,
				C05AF1EB29E80F7D00CD5A6A /* DoCatchTryThrowsBootcamp.swift in Sources */,
				C05AF1C329E80F0500CD5A6A /* ContentView.swift in Sources */,
				C0E9CCDA29FEAAEB0023E5A1 /* SendableBootcamp.swift in Sources */,
				C0E9CCD629FD84190023E5A1 /* ActorsBootcamp.swift in Sources */,
				C0E9CCCC29F419030023E5A1 /* TaskBootcamp.swift in Sources */,
				C0E9CCD429FC433F0023E5A1 /* StructClassActorBootcamp.swift in Sources */,
				C05AF1EF29E8239000CD5A6A /* AsyncAwaitBootcamp.swift in Sources */,
				C0E9CCD829FD8DFC0023E5A1 /* GlobalActorBootcamp.swift in Sources */,
				C05AF1C129E80F0500CD5A6A /* SwiftConcurrencyBootcampApp.swift in Sources */,
				C0E9CCDC29FEAFE30023E5A1 /* AsyncPublisherBootcamp.swift in Sources */,
				C0E9CCCE29F7E8BB0023E5A1 /* AsyncLetBootcamp.swift in Sources */,
				C0E9CCD229FC38530023E5A1 /* CheckContinuationBootcamp.swift in Sources */,
				C0E9CCD029F801510023E5A1 /* TaskGroupBootcamp.swift in Sources */,
			);
			runOnlyForDeploymentPostprocessing = 0;
		};
		C05AF1C929E80F0600CD5A6A /* Sources */ = {
			isa = PBXSourcesBuildPhase;
			buildActionMask = 2147483647;
			files = (
				C05AF1D229E80F0600CD5A6A /* SwiftConcurrencyBootcampTests.swift in Sources */,
			);
			runOnlyForDeploymentPostprocessing = 0;
		};
		C05AF1D329E80F0600CD5A6A /* Sources */ = {
			isa = PBXSourcesBuildPhase;
			buildActionMask = 2147483647;
			files = (
				C05AF1DC29E80F0600CD5A6A /* SwiftConcurrencyBootcampUITests.swift in Sources */,
				C05AF1DE29E80F0600CD5A6A /* SwiftConcurrencyBootcampUITestsLaunchTests.swift in Sources */,
			);
			runOnlyForDeploymentPostprocessing = 0;
		};
/* End PBXSourcesBuildPhase section */

/* Begin PBXTargetDependency section */
		C05AF1CF29E80F0600CD5A6A /* PBXTargetDependency */ = {
			isa = PBXTargetDependency;
			target = C05AF1BC29E80F0500CD5A6A /* SwiftConcurrencyBootcamp */;
			targetProxy = C05AF1CE29E80F0600CD5A6A /* PBXContainerItemProxy */;
		};
		C05AF1D929E80F0600CD5A6A /* PBXTargetDependency */ = {
			isa = PBXTargetDependency;
			target = C05AF1BC29E80F0500CD5A6A /* SwiftConcurrencyBootcamp */;
			targetProxy = C05AF1D829E80F0600CD5A6A /* PBXContainerItemProxy */;
		};
/* End PBXTargetDependency section */

/* Begin XCBuildConfiguration section */
		C05AF1DF29E80F0600CD5A6A /* Debug */ = {
			isa = XCBuildConfiguration;
			buildSettings = {
				ALWAYS_SEARCH_USER_PATHS = NO;
				CLANG_ANALYZER_NONNULL = YES;
				CLANG_ANALYZER_NUMBER_OBJECT_CONVERSION = YES_AGGRESSIVE;
				CLANG_CXX_LANGUAGE_STANDARD = "gnu++20";
				CLANG_ENABLE_MODULES = YES;
				CLANG_ENABLE_OBJC_ARC = YES;
				CLANG_ENABLE_OBJC_WEAK = YES;
				CLANG_WARN_BLOCK_CAPTURE_AUTORELEASING = YES;
				CLANG_WARN_BOOL_CONVERSION = YES;
				CLANG_WARN_COMMA = YES;
				CLANG_WARN_CONSTANT_CONVERSION = YES;
				CLANG_WARN_DEPRECATED_OBJC_IMPLEMENTATIONS = YES;
				CLANG_WARN_DIRECT_OBJC_ISA_USAGE = YES_ERROR;
				CLANG_WARN_DOCUMENTATION_COMMENTS = YES;
				CLANG_WARN_EMPTY_BODY = YES;
				CLANG_WARN_ENUM_CONVERSION = YES;
				CLANG_WARN_INFINITE_RECURSION = YES;
				CLANG_WARN_INT_CONVERSION = YES;
				CLANG_WARN_NON_LITERAL_NULL_CONVERSION = YES;
				CLANG_WARN_OBJC_IMPLICIT_RETAIN_SELF = YES;
				CLANG_WARN_OBJC_LITERAL_CONVERSION = YES;
				CLANG_WARN_OBJC_ROOT_CLASS = YES_ERROR;
				CLANG_WARN_QUOTED_INCLUDE_IN_FRAMEWORK_HEADER = YES;
				CLANG_WARN_RANGE_LOOP_ANALYSIS = YES;
				CLANG_WARN_STRICT_PROTOTYPES = YES;
				CLANG_WARN_SUSPICIOUS_MOVE = YES;
				CLANG_WARN_UNGUARDED_AVAILABILITY = YES_AGGRESSIVE;
				CLANG_WARN_UNREACHABLE_CODE = YES;
				CLANG_WARN__DUPLICATE_METHOD_MATCH = YES;
				COPY_PHASE_STRIP = NO;
				DEBUG_INFORMATION_FORMAT = dwarf;
				ENABLE_STRICT_OBJC_MSGSEND = YES;
				ENABLE_TESTABILITY = YES;
				GCC_C_LANGUAGE_STANDARD = gnu11;
				GCC_DYNAMIC_NO_PIC = NO;
				GCC_NO_COMMON_BLOCKS = YES;
				GCC_OPTIMIZATION_LEVEL = 0;
				GCC_PREPROCESSOR_DEFINITIONS = (
					"DEBUG=1",
					"$(inherited)",
				);
				GCC_WARN_64_TO_32_BIT_CONVERSION = YES;
				GCC_WARN_ABOUT_RETURN_TYPE = YES_ERROR;
				GCC_WARN_UNDECLARED_SELECTOR = YES;
				GCC_WARN_UNINITIALIZED_AUTOS = YES_AGGRESSIVE;
				GCC_WARN_UNUSED_FUNCTION = YES;
				GCC_WARN_UNUSED_VARIABLE = YES;
				IPHONEOS_DEPLOYMENT_TARGET = 16.1;
				MTL_ENABLE_DEBUG_INFO = INCLUDE_SOURCE;
				MTL_FAST_MATH = YES;
				ONLY_ACTIVE_ARCH = YES;
				SDKROOT = iphoneos;
				SWIFT_ACTIVE_COMPILATION_CONDITIONS = DEBUG;
				SWIFT_OPTIMIZATION_LEVEL = "-Onone";
			};
			name = Debug;
		};
		C05AF1E029E80F0600CD5A6A /* Release */ = {
			isa = XCBuildConfiguration;
			buildSettings = {
				ALWAYS_SEARCH_USER_PATHS = NO;
				CLANG_ANALYZER_NONNULL = YES;
				CLANG_ANALYZER_NUMBER_OBJECT_CONVERSION = YES_AGGRESSIVE;
				CLANG_CXX_LANGUAGE_STANDARD = "gnu++20";
				CLANG_ENABLE_MODULES = YES;
				CLANG_ENABLE_OBJC_ARC = YES;
				CLANG_ENABLE_OBJC_WEAK = YES;
				CLANG_WARN_BLOCK_CAPTURE_AUTORELEASING = YES;
				CLANG_WARN_BOOL_CONVERSION = YES;
				CLANG_WARN_COMMA = YES;
				CLANG_WARN_CONSTANT_CONVERSION = YES;
				CLANG_WARN_DEPRECATED_OBJC_IMPLEMENTATIONS = YES;
				CLANG_WARN_DIRECT_OBJC_ISA_USAGE = YES_ERROR;
				CLANG_WARN_DOCUMENTATION_COMMENTS = YES;
				CLANG_WARN_EMPTY_BODY = YES;
				CLANG_WARN_ENUM_CONVERSION = YES;
				CLANG_WARN_INFINITE_RECURSION = YES;
				CLANG_WARN_INT_CONVERSION = YES;
				CLANG_WARN_NON_LITERAL_NULL_CONVERSION = YES;
				CLANG_WARN_OBJC_IMPLICIT_RETAIN_SELF = YES;
				CLANG_WARN_OBJC_LITERAL_CONVERSION = YES;
				CLANG_WARN_OBJC_ROOT_CLASS = YES_ERROR;
				CLANG_WARN_QUOTED_INCLUDE_IN_FRAMEWORK_HEADER = YES;
				CLANG_WARN_RANGE_LOOP_ANALYSIS = YES;
				CLANG_WARN_STRICT_PROTOTYPES = YES;
				CLANG_WARN_SUSPICIOUS_MOVE = YES;
				CLANG_WARN_UNGUARDED_AVAILABILITY = YES_AGGRESSIVE;
				CLANG_WARN_UNREACHABLE_CODE = YES;
				CLANG_WARN__DUPLICATE_METHOD_MATCH = YES;
				COPY_PHASE_STRIP = NO;
				DEBUG_INFORMATION_FORMAT = "dwarf-with-dsym";
				ENABLE_NS_ASSERTIONS = NO;
				ENABLE_STRICT_OBJC_MSGSEND = YES;
				GCC_C_LANGUAGE_STANDARD = gnu11;
				GCC_NO_COMMON_BLOCKS = YES;
				GCC_WARN_64_TO_32_BIT_CONVERSION = YES;
				GCC_WARN_ABOUT_RETURN_TYPE = YES_ERROR;
				GCC_WARN_UNDECLARED_SELECTOR = YES;
				GCC_WARN_UNINITIALIZED_AUTOS = YES_AGGRESSIVE;
				GCC_WARN_UNUSED_FUNCTION = YES;
				GCC_WARN_UNUSED_VARIABLE = YES;
				IPHONEOS_DEPLOYMENT_TARGET = 16.1;
				MTL_ENABLE_DEBUG_INFO = NO;
				MTL_FAST_MATH = YES;
				SDKROOT = iphoneos;
				SWIFT_COMPILATION_MODE = wholemodule;
				SWIFT_OPTIMIZATION_LEVEL = "-O";
				VALIDATE_PRODUCT = YES;
			};
			name = Release;
		};
		C05AF1E229E80F0600CD5A6A /* Debug */ = {
			isa = XCBuildConfiguration;
			buildSettings = {
				ASSETCATALOG_COMPILER_APPICON_NAME = AppIcon;
				ASSETCATALOG_COMPILER_GLOBAL_ACCENT_COLOR_NAME = AccentColor;
				CODE_SIGN_STYLE = Automatic;
				CURRENT_PROJECT_VERSION = 1;
				DEVELOPMENT_ASSET_PATHS = "\"SwiftConcurrencyBootcamp/Preview Content\"";
				ENABLE_PREVIEWS = YES;
				GENERATE_INFOPLIST_FILE = YES;
				INFOPLIST_KEY_UIApplicationSceneManifest_Generation = YES;
				INFOPLIST_KEY_UIApplicationSupportsIndirectInputEvents = YES;
				INFOPLIST_KEY_UILaunchScreen_Generation = YES;
				INFOPLIST_KEY_UISupportedInterfaceOrientations_iPad = "UIInterfaceOrientationPortrait UIInterfaceOrientationPortraitUpsideDown UIInterfaceOrientationLandscapeLeft UIInterfaceOrientationLandscapeRight";
				INFOPLIST_KEY_UISupportedInterfaceOrientations_iPhone = "UIInterfaceOrientationPortrait UIInterfaceOrientationLandscapeLeft UIInterfaceOrientationLandscapeRight";
				LD_RUNPATH_SEARCH_PATHS = (
					"$(inherited)",
					"@executable_path/Frameworks",
				);
				MARKETING_VERSION = 1.0;
				PRODUCT_BUNDLE_IDENTIFIER = none.SwiftConcurrencyBootcamp;
				PRODUCT_NAME = "$(TARGET_NAME)";
				SWIFT_EMIT_LOC_STRINGS = YES;
				SWIFT_VERSION = 5.0;
				TARGETED_DEVICE_FAMILY = "1,2";
			};
			name = Debug;
		};
		C05AF1E329E80F0600CD5A6A /* Release */ = {
			isa = XCBuildConfiguration;
			buildSettings = {
				ASSETCATALOG_COMPILER_APPICON_NAME = AppIcon;
				ASSETCATALOG_COMPILER_GLOBAL_ACCENT_COLOR_NAME = AccentColor;
				CODE_SIGN_STYLE = Automatic;
				CURRENT_PROJECT_VERSION = 1;
				DEVELOPMENT_ASSET_PATHS = "\"SwiftConcurrencyBootcamp/Preview Content\"";
				ENABLE_PREVIEWS = YES;
				GENERATE_INFOPLIST_FILE = YES;
				INFOPLIST_KEY_UIApplicationSceneManifest_Generation = YES;
				INFOPLIST_KEY_UIApplicationSupportsIndirectInputEvents = YES;
				INFOPLIST_KEY_UILaunchScreen_Generation = YES;
				INFOPLIST_KEY_UISupportedInterfaceOrientations_iPad = "UIInterfaceOrientationPortrait UIInterfaceOrientationPortraitUpsideDown UIInterfaceOrientationLandscapeLeft UIInterfaceOrientationLandscapeRight";
				INFOPLIST_KEY_UISupportedInterfaceOrientations_iPhone = "UIInterfaceOrientationPortrait UIInterfaceOrientationLandscapeLeft UIInterfaceOrientationLandscapeRight";
				LD_RUNPATH_SEARCH_PATHS = (
					"$(inherited)",
					"@executable_path/Frameworks",
				);
				MARKETING_VERSION = 1.0;
				PRODUCT_BUNDLE_IDENTIFIER = none.SwiftConcurrencyBootcamp;
				PRODUCT_NAME = "$(TARGET_NAME)";
				SWIFT_EMIT_LOC_STRINGS = YES;
				SWIFT_VERSION = 5.0;
				TARGETED_DEVICE_FAMILY = "1,2";
			};
			name = Release;
		};
		C05AF1E529E80F0600CD5A6A /* Debug */ = {
			isa = XCBuildConfiguration;
			buildSettings = {
				ALWAYS_EMBED_SWIFT_STANDARD_LIBRARIES = YES;
				BUNDLE_LOADER = "$(TEST_HOST)";
				CODE_SIGN_STYLE = Automatic;
				CURRENT_PROJECT_VERSION = 1;
				GENERATE_INFOPLIST_FILE = YES;
				IPHONEOS_DEPLOYMENT_TARGET = 16.1;
				MARKETING_VERSION = 1.0;
				PRODUCT_BUNDLE_IDENTIFIER = none.SwiftConcurrencyBootcampTests;
				PRODUCT_NAME = "$(TARGET_NAME)";
				SWIFT_EMIT_LOC_STRINGS = NO;
				SWIFT_VERSION = 5.0;
				TARGETED_DEVICE_FAMILY = "1,2";
				TEST_HOST = "$(BUILT_PRODUCTS_DIR)/SwiftConcurrencyBootcamp.app/$(BUNDLE_EXECUTABLE_FOLDER_PATH)/SwiftConcurrencyBootcamp";
			};
			name = Debug;
		};
		C05AF1E629E80F0600CD5A6A /* Release */ = {
			isa = XCBuildConfiguration;
			buildSettings = {
				ALWAYS_EMBED_SWIFT_STANDARD_LIBRARIES = YES;
				BUNDLE_LOADER = "$(TEST_HOST)";
				CODE_SIGN_STYLE = Automatic;
				CURRENT_PROJECT_VERSION = 1;
				GENERATE_INFOPLIST_FILE = YES;
				IPHONEOS_DEPLOYMENT_TARGET = 16.1;
				MARKETING_VERSION = 1.0;
				PRODUCT_BUNDLE_IDENTIFIER = none.SwiftConcurrencyBootcampTests;
				PRODUCT_NAME = "$(TARGET_NAME)";
				SWIFT_EMIT_LOC_STRINGS = NO;
				SWIFT_VERSION = 5.0;
				TARGETED_DEVICE_FAMILY = "1,2";
				TEST_HOST = "$(BUILT_PRODUCTS_DIR)/SwiftConcurrencyBootcamp.app/$(BUNDLE_EXECUTABLE_FOLDER_PATH)/SwiftConcurrencyBootcamp";
			};
			name = Release;
		};
		C05AF1E829E80F0600CD5A6A /* Debug */ = {
			isa = XCBuildConfiguration;
			buildSettings = {
				ALWAYS_EMBED_SWIFT_STANDARD_LIBRARIES = YES;
				CODE_SIGN_STYLE = Automatic;
				CURRENT_PROJECT_VERSION = 1;
				GENERATE_INFOPLIST_FILE = YES;
				MARKETING_VERSION = 1.0;
				PRODUCT_BUNDLE_IDENTIFIER = none.SwiftConcurrencyBootcampUITests;
				PRODUCT_NAME = "$(TARGET_NAME)";
				SWIFT_EMIT_LOC_STRINGS = NO;
				SWIFT_VERSION = 5.0;
				TARGETED_DEVICE_FAMILY = "1,2";
				TEST_TARGET_NAME = SwiftConcurrencyBootcamp;
			};
			name = Debug;
		};
		C05AF1E929E80F0600CD5A6A /* Release */ = {
			isa = XCBuildConfiguration;
			buildSettings = {
				ALWAYS_EMBED_SWIFT_STANDARD_LIBRARIES = YES;
				CODE_SIGN_STYLE = Automatic;
				CURRENT_PROJECT_VERSION = 1;
				GENERATE_INFOPLIST_FILE = YES;
				MARKETING_VERSION = 1.0;
				PRODUCT_BUNDLE_IDENTIFIER = none.SwiftConcurrencyBootcampUITests;
				PRODUCT_NAME = "$(TARGET_NAME)";
				SWIFT_EMIT_LOC_STRINGS = NO;
				SWIFT_VERSION = 5.0;
				TARGETED_DEVICE_FAMILY = "1,2";
				TEST_TARGET_NAME = SwiftConcurrencyBootcamp;
			};
			name = Release;
		};
/* End XCBuildConfiguration section */

/* Begin XCConfigurationList section */
		C05AF1B829E80F0500CD5A6A /* Build configuration list for PBXProject "SwiftConcurrencyBootcamp" */ = {
			isa = XCConfigurationList;
			buildConfigurations = (
				C05AF1DF29E80F0600CD5A6A /* Debug */,
				C05AF1E029E80F0600CD5A6A /* Release */,
			);
			defaultConfigurationIsVisible = 0;
			defaultConfigurationName = Release;
		};
		C05AF1E129E80F0600CD5A6A /* Build configuration list for PBXNativeTarget "SwiftConcurrencyBootcamp" */ = {
			isa = XCConfigurationList;
			buildConfigurations = (
				C05AF1E229E80F0600CD5A6A /* Debug */,
				C05AF1E329E80F0600CD5A6A /* Release */,
			);
			defaultConfigurationIsVisible = 0;
			defaultConfigurationName = Release;
		};
		C05AF1E429E80F0600CD5A6A /* Build configuration list for PBXNativeTarget "SwiftConcurrencyBootcampTests" */ = {
			isa = XCConfigurationList;
			buildConfigurations = (
				C05AF1E529E80F0600CD5A6A /* Debug */,
				C05AF1E629E80F0600CD5A6A /* Release */,
			);
			defaultConfigurationIsVisible = 0;
			defaultConfigurationName = Release;
		};
		C05AF1E729E80F0600CD5A6A /* Build configuration list for PBXNativeTarget "SwiftConcurrencyBootcampUITests" */ = {
			isa = XCConfigurationList;
			buildConfigurations = (
				C05AF1E829E80F0600CD5A6A /* Debug */,
				C05AF1E929E80F0600CD5A6A /* Release */,
			);
			defaultConfigurationIsVisible = 0;
			defaultConfigurationName = Release;
		};
/* End XCConfigurationList section */
	};
	rootObject = C05AF1B529E80F0500CD5A6A /* Project object */;
}
